
Microsoft Visual Studio Solution File, Format Version 12.00
# Visual Studio Version 17
VisualStudioVersion = 17.0.31912.275
MinimumVisualStudioVersion = 10.0.40219.1
Project("{FAE04EC0-301F-11D3-BF4B-00C04F79EFBC}") = "University", "University.csproj", "{321680AB-7577-4ACC-B984-329CCB919D9C}"
EndProject
Global
	GlobalSection(SolutionConfigurationPlatforms) = preSolution
		Debug|Any CPU = Debug|Any CPU
		Release|Any CPU = Release|Any CPU
	EndGlobalSection
	GlobalSection(ProjectConfigurationPlatforms) = postSolution
		{321680AB-7577-4ACC-B984-329CCB919D9C}.Debug|Any CPU.ActiveCfg = Debug|Any CPU
		{321680AB-7577-4ACC-B984-329CCB919D9C}.Debug|Any CPU.Build.0 = Debug|Any CPU
		{321680AB-7577-4ACC-B984-329CCB919D9C}.Release|Any CPU.ActiveCfg = Release|Any CPU
		{321680AB-7577-4ACC-B984-329CCB919D9C}.Release|Any CPU.Build.0 = Release|Any CPU
	EndGlobalSection
	GlobalSection(SolutionProperties) = preSolution
		HideSolutionNode = FALSE
	EndGlobalSection
	GlobalSection(ExtensibilityGlobals) = postSolution
		SolutionGuid = {52671F7B-5A8D-48CD-B899-6CA60BFE9C17}
	EndGlobalSection
EndGlobal
